<?xml version="1.0"?>
<Project ToolsVersion="4.0" xmlns="http://schemas.microsoft.com/developer/msbuild/2003">
	<ItemGroup>
		<ClCompile Include="src\testApp.cpp">
			<Filter>src</Filter>
		</ClCompile>
		<ClCompile Include="src\main.cpp">
			<Filter>src</Filter>
		</ClCompile>
		<ClCompile Include="..\..\..\addons\ofxKinectNui\src\kinect\nui\AudioStream.cpp">
			<Filter>addons\ofxKinectNui\src\kinect\nui</Filter>
		</ClCompile>
		<ClCompile Include="..\..\..\addons\ofxKinectNui\src\kinect\nui\ImageFrame.cpp">
			<Filter>addons\ofxKinectNui\src\kinect\nui</Filter>
		</ClCompile>
		<ClCompile Include="..\..\..\addons\ofxKinectNui\src\kinect\nui\ImageStream.cpp">
			<Filter>addons\ofxKinectNui\src\kinect\nui</Filter>
		</ClCompile>
		<ClCompile Include="..\..\..\addons\ofxKinectNui\src\kinect\nui\Kinect.cpp">
			<Filter>addons\ofxKinectNui\src\kinect\nui</Filter>
		</ClCompile>
		<ClCompile Include="..\..\..\addons\ofxKinectNui\src\kinect\nui\KinectContext.cpp">
			<Filter>addons\ofxKinectNui\src\kinect\nui</Filter>
		</ClCompile>
		<ClCompile Include="..\..\..\addons\ofxKinectNui\src\kinect\nui\SkeletonEngine.cpp">
			<Filter>addons\ofxKinectNui\src\kinect\nui</Filter>
		</ClCompile>
		<ClCompile Include="..\..\..\addons\ofxKinectNui\src\kinect\nui\SkeletonFrame.cpp">
			<Filter>addons\ofxKinectNui\src\kinect\nui</Filter>
		</ClCompile>
		<ClCompile Include="..\..\..\addons\ofxKinectNui\src\ofxKinectNui.cpp">
			<Filter>addons\ofxKinectNui\src</Filter>
		</ClCompile>
		<ClCompile Include="..\..\..\addons\ofxKinectNui\src\ofxKinectNuiPlayer.cpp">
			<Filter>addons\ofxKinectNui\src</Filter>
		</ClCompile>
		<ClCompile Include="..\..\..\addons\ofxKinectNui\src\ofxKinectNuiRecorder.cpp">
			<Filter>addons\ofxKinectNui\src</Filter>
		</ClCompile>
		<ClCompile Include="..\..\..\addons\ofxKinectNui\src\ofxKinectNuiSoundRecorder.cpp">
			<Filter>addons\ofxKinectNui\src</Filter>
		</ClCompile>
		<ClCompile Include="..\..\..\addons\ofxKinectNui\src\win32\Event.cpp">
			<Filter>addons\ofxKinectNui\src\win32</Filter>
		</ClCompile>
	</ItemGroup>
	<ItemGroup>
		<Filter Include="src">
			<UniqueIdentifier>{d8376475-7454-4a24-b08a-aac121d3ad6f}</UniqueIdentifier>
		</Filter>
		<Filter Include="addons">
			<UniqueIdentifier>{71834f65-f3a9-211e-73b8-dc8563776aec}</UniqueIdentifier>
		</Filter>
		<Filter Include="addons\ofxKinectNui">
			<UniqueIdentifier>{34f24753-3b66-a83c-8577-1cc0b2033023}</UniqueIdentifier>
		</Filter>
		<Filter Include="addons\ofxKinectNui\src">
			<UniqueIdentifier>{be05a897-e6b4-5be9-7984-f9442d116f1e}</UniqueIdentifier>
		</Filter>
		<Filter Include="addons\ofxKinectNui\src\kinect">
			<UniqueIdentifier>{29fa98ca-2316-a548-87f8-7d8bedfceeda}</UniqueIdentifier>
		</Filter>
		<Filter Include="addons\ofxKinectNui\src\kinect\nui">
			<UniqueIdentifier>{ced4ac24-fc0a-1cb7-d732-5d4d90a7e374}</UniqueIdentifier>
		</Filter>
		<Filter Include="addons\ofxKinectNui\src\win32">
			<UniqueIdentifier>{e28e7850-8c70-726e-7479-6c48ad55a45c}</UniqueIdentifier>
		</Filter>
	</ItemGroup>
	<ItemGroup>
		<ClInclude Include="src\testApp.h">
			<Filter>src</Filter>
		</ClInclude>
		<ClInclude Include="..\..\..\addons\ofxKinectNui\src\kinect\nui\AudioStream.h">
			<Filter>addons\ofxKinectNui\src\kinect\nui</Filter>
		</ClInclude>
		<ClInclude Include="..\..\..\addons\ofxKinectNui\src\kinect\nui\ImageFrame.h">
			<Filter>addons\ofxKinectNui\src\kinect\nui</Filter>
		</ClInclude>
		<ClInclude Include="..\..\..\addons\ofxKinectNui\src\kinect\nui\ImageStream.h">
			<Filter>addons\ofxKinectNui\src\kinect\nui</Filter>
		</ClInclude>
		<ClInclude Include="..\..\..\addons\ofxKinectNui\src\kinect\nui\Kinect.h">
			<Filter>addons\ofxKinectNui\src\kinect\nui</Filter>
		</ClInclude>
		<ClInclude Include="..\..\..\addons\ofxKinectNui\src\kinect\nui\KinectContext.h">
			<Filter>addons\ofxKinectNui\src\kinect\nui</Filter>
		</ClInclude>
		<ClInclude Include="..\..\..\addons\ofxKinectNui\src\kinect\nui\KinectListener.h">
			<Filter>addons\ofxKinectNui\src\kinect\nui</Filter>
		</ClInclude>
		<ClInclude Include="..\..\..\addons\ofxKinectNui\src\kinect\nui\SkeletonEngine.h">
			<Filter>addons\ofxKinectNui\src\kinect\nui</Filter>
		</ClInclude>
		<ClInclude Include="..\..\..\addons\ofxKinectNui\src\kinect\nui\SkeletonFrame.h">
			<Filter>addons\ofxKinectNui\src\kinect\nui</Filter>
		</ClInclude>
		<ClInclude Include="..\..\..\addons\ofxKinectNui\src\kinect\nui\StaticMediaBuffer.h">
			<Filter>addons\ofxKinectNui\src\kinect\nui</Filter>
		</ClInclude>
		<ClInclude Include="..\..\..\addons\ofxKinectNui\src\kinect\nui\WaveFileWriter.h">
			<Filter>addons\ofxKinectNui\src\kinect\nui</Filter>
		</ClInclude>
		<ClInclude Include="..\..\..\addons\ofxKinectNui\src\kinect\nui\WaveOutput.h">
			<Filter>addons\ofxKinectNui\src\kinect\nui</Filter>
		</ClInclude>
		<ClInclude Include="..\..\..\addons\ofxKinectNui\src\ofxBase3DVideo.h">
			<Filter>addons\ofxKinectNui\src</Filter>
		</ClInclude>
		<ClInclude Include="..\..\..\addons\ofxKinectNui\src\ofxKinectNui.h">
			<Filter>addons\ofxKinectNui\src</Filter>
		</ClInclude>
		<ClInclude Include="..\..\..\addons\ofxKinectNui\src\ofxKinectNuiPlayer.h">
			<Filter>addons\ofxKinectNui\src</Filter>
		</ClInclude>
		<ClInclude Include="..\..\..\addons\ofxKinectNui\src\ofxKinectNuiRecorder.h">
			<Filter>addons\ofxKinectNui\src</Filter>
		</ClInclude>
		<ClInclude Include="..\..\..\addons\ofxKinectNui\src\ofxKinectNuiSoundRecorder.h">
			<Filter>addons\ofxKinectNui\src</Filter>
		</ClInclude>
		<ClInclude Include="..\..\..\addons\ofxKinectNui\src\win32\Event.h">
			<Filter>addons\ofxKinectNui\src\win32</Filter>
		</ClInclude>
		<ClInclude Include="..\..\..\addons\ofxKinectNui\src\win32\SpinLock.h">
			<Filter>addons\ofxKinectNui\src\win32</Filter>
		</ClInclude>
	</ItemGroup>
</Project>
